
Microsoft Visual Studio Solution File, Format Version 12.00
# Visual Studio Version 16
VisualStudioVersion = 16.0.35425.106
MinimumVisualStudioVersion = 10.0.40219.1
Project("{9A19103F-16F7-4668-BE54-9A1E7A4F7556}") = "consoletowebapi", "consoletowebapi\consoletowebapi.csproj", "{C7AC5CAF-460F-415D-B348-651132FFB330}"
EndProject
Project("{FAE04EC0-301F-11D3-BF4B-00C04F79EFBC}") = "consoletowebapi.xUnitTests", "consoletowebapi.xUnitTests\consoletowebapi.xUnitTests.csproj", "{C757C117-9F6C-4FA9-BE4C-0E04EF42CFA9}"
EndProject
Project("{FAE04EC0-301F-11D3-BF4B-00C04F79EFBC}") = "ADO.NET", "ADO.NET\ADO.NET.csproj", "{064A35BC-98F7-4265-9AC9-AE5EC2F3415E}"
EndProject
Project("{FAE04EC0-301F-11D3-BF4B-00C04F79EFBC}") = "CodeFirstApproach", "CodeFirstApproach\CodeFirstApproach.csproj", "{BD4F4E34-87BD-4FFB-BDE4-70009C4337D7}"
EndProject
Global
	GlobalSection(SolutionConfigurationPlatforms) = preSolution
		Debug|Any CPU = Debug|Any CPU
		Release|Any CPU = Release|Any CPU
	EndGlobalSection
	GlobalSection(ProjectConfigurationPlatforms) = postSolution
		{C7AC5CAF-460F-415D-B348-651132FFB330}.Debug|Any CPU.ActiveCfg = Debug|Any CPU
		{C7AC5CAF-460F-415D-B348-651132FFB330}.Debug|Any CPU.Build.0 = Debug|Any CPU
		{C7AC5CAF-460F-415D-B348-651132FFB330}.Release|Any CPU.ActiveCfg = Release|Any CPU
		{C7AC5CAF-460F-415D-B348-651132FFB330}.Release|Any CPU.Build.0 = Release|Any CPU
		{C757C117-9F6C-4FA9-BE4C-0E04EF42CFA9}.Debug|Any CPU.ActiveCfg = Debug|Any CPU
		{C757C117-9F6C-4FA9-BE4C-0E04EF42CFA9}.Debug|Any CPU.Build.0 = Debug|Any CPU
		{C757C117-9F6C-4FA9-BE4C-0E04EF42CFA9}.Release|Any CPU.ActiveCfg = Release|Any CPU
		{C757C117-9F6C-4FA9-BE4C-0E04EF42CFA9}.Release|Any CPU.Build.0 = Release|Any CPU
		{064A35BC-98F7-4265-9AC9-AE5EC2F3415E}.Debug|Any CPU.ActiveCfg = Debug|Any CPU
		{064A35BC-98F7-4265-9AC9-AE5EC2F3415E}.Debug|Any CPU.Build.0 = Debug|Any CPU
		{064A35BC-98F7-4265-9AC9-AE5EC2F3415E}.Release|Any CPU.ActiveCfg = Release|Any CPU
		{064A35BC-98F7-4265-9AC9-AE5EC2F3415E}.Release|Any CPU.Build.0 = Release|Any CPU
		{BD4F4E34-87BD-4FFB-BDE4-70009C4337D7}.Debug|Any CPU.ActiveCfg = Debug|Any CPU
		{BD4F4E34-87BD-4FFB-BDE4-70009C4337D7}.Debug|Any CPU.Build.0 = Debug|Any CPU
		{BD4F4E34-87BD-4FFB-BDE4-70009C4337D7}.Release|Any CPU.ActiveCfg = Release|Any CPU
		{BD4F4E34-87BD-4FFB-BDE4-70009C4337D7}.Release|Any CPU.Build.0 = Release|Any CPU
	EndGlobalSection
	GlobalSection(SolutionProperties) = preSolution
		HideSolutionNode = FALSE
	EndGlobalSection
	GlobalSection(ExtensibilityGlobals) = postSolution
		SolutionGuid = {C535D6F6-8BF3-4A58-AFF4-8466D6C243BF}
	EndGlobalSection
EndGlobal
